// !$*UTF8*$!
{
	archiveVersion = 1;
	classes = {
	};
	objectVersion = 56;
	objects = {

/* Begin PBXBuildFile section */
		224C8D5E29B958040085A760 /* ProfileViewController.swift in Sources */ = {isa = PBXBuildFile; fileRef = 224C8D5D29B958040085A760 /* ProfileViewController.swift */; };
		224C8D6029BA4E660085A760 /* ProfileStoryBoard.storyboard in Resources */ = {isa = PBXBuildFile; fileRef = 224C8D5F29BA4E660085A760 /* ProfileStoryBoard.storyboard */; };
		224C8D6229CBB4400085A760 /* GoogleService-Info.plist in Resources */ = {isa = PBXBuildFile; fileRef = 224C8D6129CBB4400085A760 /* GoogleService-Info.plist */; };
		5587D8F129C916A900785364 /* LoginViewController.swift in Sources */ = {isa = PBXBuildFile; fileRef = 5587D8F029C916A900785364 /* LoginViewController.swift */; };
		5587D8F329C9179400785364 /* Central.storyboard in Resources */ = {isa = PBXBuildFile; fileRef = 5587D8F229C9179400785364 /* Central.storyboard */; };
		55A2C4E229B95507005DCD37 /* AlamofireImage in Frameworks */ = {isa = PBXBuildFile; productRef = 55A2C4E129B95507005DCD37 /* AlamofireImage */; };
		55A2C4E929B95751005DCD37 /* FirebaseAnalytics in Frameworks */ = {isa = PBXBuildFile; productRef = 55A2C4E829B95751005DCD37 /* FirebaseAnalytics */; };
		55A2C4EB29B95751005DCD37 /* FirebaseAuth in Frameworks */ = {isa = PBXBuildFile; productRef = 55A2C4EA29B95751005DCD37 /* FirebaseAuth */; };
		55A2C4ED29B95751005DCD37 /* FirebaseFirestore in Frameworks */ = {isa = PBXBuildFile; productRef = 55A2C4EC29B95751005DCD37 /* FirebaseFirestore */; };
		55A2C4EF29B95751005DCD37 /* FirebaseStorage in Frameworks */ = {isa = PBXBuildFile; productRef = 55A2C4EE29B95751005DCD37 /* FirebaseStorage */; };
		5C936C2529B94F720049E28D /* AppDelegate.swift in Sources */ = {isa = PBXBuildFile; fileRef = 5C936C2429B94F720049E28D /* AppDelegate.swift */; };
		5C936C2729B94F720049E28D /* SceneDelegate.swift in Sources */ = {isa = PBXBuildFile; fileRef = 5C936C2629B94F720049E28D /* SceneDelegate.swift */; };
		5C936C2C29B94F720049E28D /* Main.storyboard in Resources */ = {isa = PBXBuildFile; fileRef = 5C936C2A29B94F720049E28D /* Main.storyboard */; };
		5C936C2E29B94F760049E28D /* Assets.xcassets in Resources */ = {isa = PBXBuildFile; fileRef = 5C936C2D29B94F760049E28D /* Assets.xcassets */; };
		5C936C3129B94F760049E28D /* LaunchScreen.storyboard in Resources */ = {isa = PBXBuildFile; fileRef = 5C936C2F29B94F760049E28D /* LaunchScreen.storyboard */; };
		5C936C3C29B94F760049E28D /* clean_cutsTests.swift in Sources */ = {isa = PBXBuildFile; fileRef = 5C936C3B29B94F760049E28D /* clean_cutsTests.swift */; };
		5C936C4629B94F760049E28D /* clean_cutsUITests.swift in Sources */ = {isa = PBXBuildFile; fileRef = 5C936C4529B94F760049E28D /* clean_cutsUITests.swift */; };
		5C936C4829B94F760049E28D /* clean_cutsUITestsLaunchTests.swift in Sources */ = {isa = PBXBuildFile; fileRef = 5C936C4729B94F760049E28D /* clean_cutsUITestsLaunchTests.swift */; };
		5C936C5529B9578E0049E28D /* SignUpViewController.swift in Sources */ = {isa = PBXBuildFile; fileRef = 5C936C5429B9578E0049E28D /* SignUpViewController.swift */; };
		5C936C5729CBB7800049E28D /* Post.storyboard in Resources */ = {isa = PBXBuildFile; fileRef = 5C936C5629CBB7800049E28D /* Post.storyboard */; };
		5C936C5929CBBA5D0049E28D /* PostViewController.swift in Sources */ = {isa = PBXBuildFile; fileRef = 5C936C5829CBBA5D0049E28D /* PostViewController.swift */; };
/* End PBXBuildFile section */

/* Begin PBXContainerItemProxy section */
		5C936C3829B94F760049E28D /* PBXContainerItemProxy */ = {
			isa = PBXContainerItemProxy;
			containerPortal = 5C936C1929B94F720049E28D /* Project object */;
			proxyType = 1;
			remoteGlobalIDString = 5C936C2029B94F720049E28D;
			remoteInfo = clean_cuts;
		};
		5C936C4229B94F760049E28D /* PBXContainerItemProxy */ = {
			isa = PBXContainerItemProxy;
			containerPortal = 5C936C1929B94F720049E28D /* Project object */;
			proxyType = 1;
			remoteGlobalIDString = 5C936C2029B94F720049E28D;
			remoteInfo = clean_cuts;
		};
/* End PBXContainerItemProxy section */

/* Begin PBXFileReference section */
		224C8D5D29B958040085A760 /* ProfileViewController.swift */ = {isa = PBXFileReference; lastKnownFileType = sourcecode.swift; path = ProfileViewController.swift; sourceTree = "<group>"; };
		224C8D5F29BA4E660085A760 /* ProfileStoryBoard.storyboard */ = {isa = PBXFileReference; lastKnownFileType = file.storyboard; path = ProfileStoryBoard.storyboard; sourceTree = "<group>"; };
		224C8D6129CBB4400085A760 /* GoogleService-Info.plist */ = {isa = PBXFileReference; fileEncoding = 4; lastKnownFileType = text.plist.xml; path = "GoogleService-Info.plist"; sourceTree = "<group>"; };
		5587D8F029C916A900785364 /* LoginViewController.swift */ = {isa = PBXFileReference; lastKnownFileType = sourcecode.swift; path = LoginViewController.swift; sourceTree = "<group>"; };
		5587D8F229C9179400785364 /* Central.storyboard */ = {isa = PBXFileReference; lastKnownFileType = file.storyboard; path = Central.storyboard; sourceTree = "<group>"; };
		5C936C2129B94F720049E28D /* clean_cuts.app */ = {isa = PBXFileReference; explicitFileType = wrapper.application; includeInIndex = 0; path = clean_cuts.app; sourceTree = BUILT_PRODUCTS_DIR; };
		5C936C2429B94F720049E28D /* AppDelegate.swift */ = {isa = PBXFileReference; lastKnownFileType = sourcecode.swift; path = AppDelegate.swift; sourceTree = "<group>"; };
		5C936C2629B94F720049E28D /* SceneDelegate.swift */ = {isa = PBXFileReference; lastKnownFileType = sourcecode.swift; path = SceneDelegate.swift; sourceTree = "<group>"; };
		5C936C2B29B94F720049E28D /* Base */ = {isa = PBXFileReference; lastKnownFileType = file.storyboard; name = Base; path = Base.lproj/Main.storyboard; sourceTree = "<group>"; };
		5C936C2D29B94F760049E28D /* Assets.xcassets */ = {isa = PBXFileReference; lastKnownFileType = folder.assetcatalog; path = Assets.xcassets; sourceTree = "<group>"; };
		5C936C3029B94F760049E28D /* Base */ = {isa = PBXFileReference; lastKnownFileType = file.storyboard; name = Base; path = Base.lproj/LaunchScreen.storyboard; sourceTree = "<group>"; };
		5C936C3229B94F760049E28D /* Info.plist */ = {isa = PBXFileReference; lastKnownFileType = text.plist.xml; path = Info.plist; sourceTree = "<group>"; };
		5C936C3729B94F760049E28D /* clean_cutsTests.xctest */ = {isa = PBXFileReference; explicitFileType = wrapper.cfbundle; includeInIndex = 0; path = clean_cutsTests.xctest; sourceTree = BUILT_PRODUCTS_DIR; };
		5C936C3B29B94F760049E28D /* clean_cutsTests.swift */ = {isa = PBXFileReference; lastKnownFileType = sourcecode.swift; path = clean_cutsTests.swift; sourceTree = "<group>"; };
		5C936C4129B94F760049E28D /* clean_cutsUITests.xctest */ = {isa = PBXFileReference; explicitFileType = wrapper.cfbundle; includeInIndex = 0; path = clean_cutsUITests.xctest; sourceTree = BUILT_PRODUCTS_DIR; };
		5C936C4529B94F760049E28D /* clean_cutsUITests.swift */ = {isa = PBXFileReference; lastKnownFileType = sourcecode.swift; path = clean_cutsUITests.swift; sourceTree = "<group>"; };
		5C936C4729B94F760049E28D /* clean_cutsUITestsLaunchTests.swift */ = {isa = PBXFileReference; lastKnownFileType = sourcecode.swift; path = clean_cutsUITestsLaunchTests.swift; sourceTree = "<group>"; };
		5C936C5429B9578E0049E28D /* SignUpViewController.swift */ = {isa = PBXFileReference; lastKnownFileType = sourcecode.swift; path = SignUpViewController.swift; sourceTree = "<group>"; };
		5C936C5629CBB7800049E28D /* Post.storyboard */ = {isa = PBXFileReference; lastKnownFileType = file.storyboard; path = Post.storyboard; sourceTree = "<group>"; };
		5C936C5829CBBA5D0049E28D /* PostViewController.swift */ = {isa = PBXFileReference; lastKnownFileType = sourcecode.swift; path = PostViewController.swift; sourceTree = "<group>"; };
/* End PBXFileReference section */

/* Begin PBXFrameworksBuildPhase section */
		5C936C1E29B94F720049E28D /* Frameworks */ = {
			isa = PBXFrameworksBuildPhase;
			buildActionMask = 2147483647;
			files = (
				55A2C4E929B95751005DCD37 /* FirebaseAnalytics in Frameworks */,
				55A2C4ED29B95751005DCD37 /* FirebaseFirestore in Frameworks */,
				55A2C4EB29B95751005DCD37 /* FirebaseAuth in Frameworks */,
				55A2C4EF29B95751005DCD37 /* FirebaseStorage in Frameworks */,
				55A2C4E229B95507005DCD37 /* AlamofireImage in Frameworks */,
			);
			runOnlyForDeploymentPostprocessing = 0;
		};
		5C936C3429B94F760049E28D /* Frameworks */ = {
			isa = PBXFrameworksBuildPhase;
			buildActionMask = 2147483647;
			files = (
			);
			runOnlyForDeploymentPostprocessing = 0;
		};
		5C936C3E29B94F760049E28D /* Frameworks */ = {
			isa = PBXFrameworksBuildPhase;
			buildActionMask = 2147483647;
			files = (
			);
			runOnlyForDeploymentPostprocessing = 0;
		};
/* End PBXFrameworksBuildPhase section */

/* Begin PBXGroup section */
		5C936C1829B94F720049E28D = {
			isa = PBXGroup;
			children = (
				5C936C2329B94F720049E28D /* clean_cuts */,
				5C936C3A29B94F760049E28D /* clean_cutsTests */,
				5C936C4429B94F760049E28D /* clean_cutsUITests */,
				5C936C2229B94F720049E28D /* Products */,
			);
			sourceTree = "<group>";
		};
		5C936C2229B94F720049E28D /* Products */ = {
			isa = PBXGroup;
			children = (
				5C936C2129B94F720049E28D /* clean_cuts.app */,
				5C936C3729B94F760049E28D /* clean_cutsTests.xctest */,
				5C936C4129B94F760049E28D /* clean_cutsUITests.xctest */,
			);
			name = Products;
			sourceTree = "<group>";
		};
		5C936C2329B94F720049E28D /* clean_cuts */ = {
			isa = PBXGroup;
			children = (
				224C8D6129CBB4400085A760 /* GoogleService-Info.plist */,
				5C936C2429B94F720049E28D /* AppDelegate.swift */,
				5C936C2629B94F720049E28D /* SceneDelegate.swift */,
				5C936C2A29B94F720049E28D /* Main.storyboard */,
				5C936C5629CBB7800049E28D /* Post.storyboard */,
				5C936C5829CBBA5D0049E28D /* PostViewController.swift */,
				224C8D5F29BA4E660085A760 /* ProfileStoryBoard.storyboard */,
				224C8D5D29B958040085A760 /* ProfileViewController.swift */,
				5587D8F229C9179400785364 /* Central.storyboard */,
				5C936C5429B9578E0049E28D /* SignUpViewController.swift */,
				5587D8F029C916A900785364 /* LoginViewController.swift */,
				5C936C2D29B94F760049E28D /* Assets.xcassets */,
				5C936C2F29B94F760049E28D /* LaunchScreen.storyboard */,
				5C936C3229B94F760049E28D /* Info.plist */,
			);
			path = clean_cuts;
			sourceTree = "<group>";
		};
		5C936C3A29B94F760049E28D /* clean_cutsTests */ = {
			isa = PBXGroup;
			children = (
				5C936C3B29B94F760049E28D /* clean_cutsTests.swift */,
			);
			path = clean_cutsTests;
			sourceTree = "<group>";
		};
		5C936C4429B94F760049E28D /* clean_cutsUITests */ = {
			isa = PBXGroup;
			children = (
				5C936C4529B94F760049E28D /* clean_cutsUITests.swift */,
				5C936C4729B94F760049E28D /* clean_cutsUITestsLaunchTests.swift */,
			);
			path = clean_cutsUITests;
			sourceTree = "<group>";
		};
/* End PBXGroup section */

/* Begin PBXNativeTarget section */
		5C936C2029B94F720049E28D /* clean_cuts */ = {
			isa = PBXNativeTarget;
			buildConfigurationList = 5C936C4B29B94F760049E28D /* Build configuration list for PBXNativeTarget "clean_cuts" */;
			buildPhases = (
				5C936C1D29B94F720049E28D /* Sources */,
				5C936C1E29B94F720049E28D /* Frameworks */,
				5C936C1F29B94F720049E28D /* Resources */,
			);
			buildRules = (
			);
			dependencies = (
			);
			name = clean_cuts;
			packageProductDependencies = (
				55A2C4E129B95507005DCD37 /* AlamofireImage */,
				55A2C4E829B95751005DCD37 /* FirebaseAnalytics */,
				55A2C4EA29B95751005DCD37 /* FirebaseAuth */,
				55A2C4EC29B95751005DCD37 /* FirebaseFirestore */,
				55A2C4EE29B95751005DCD37 /* FirebaseStorage */,
			);
			productName = clean_cuts;
			productReference = 5C936C2129B94F720049E28D /* clean_cuts.app */;
			productType = "com.apple.product-type.application";
		};
		5C936C3629B94F760049E28D /* clean_cutsTests */ = {
			isa = PBXNativeTarget;
			buildConfigurationList = 5C936C4E29B94F760049E28D /* Build configuration list for PBXNativeTarget "clean_cutsTests" */;
			buildPhases = (
				5C936C3329B94F760049E28D /* Sources */,
				5C936C3429B94F760049E28D /* Frameworks */,
				5C936C3529B94F760049E28D /* Resources */,
			);
			buildRules = (
			);
			dependencies = (
				5C936C3929B94F760049E28D /* PBXTargetDependency */,
			);
			name = clean_cutsTests;
			productName = clean_cutsTests;
			productReference = 5C936C3729B94F760049E28D /* clean_cutsTests.xctest */;
			productType = "com.apple.product-type.bundle.unit-test";
		};
		5C936C4029B94F760049E28D /* clean_cutsUITests */ = {
			isa = PBXNativeTarget;
			buildConfigurationList = 5C936C5129B94F760049E28D /* Build configuration list for PBXNativeTarget "clean_cutsUITests" */;
			buildPhases = (
				5C936C3D29B94F760049E28D /* Sources */,
				5C936C3E29B94F760049E28D /* Frameworks */,
				5C936C3F29B94F760049E28D /* Resources */,
			);
			buildRules = (
			);
			dependencies = (
				5C936C4329B94F760049E28D /* PBXTargetDependency */,
			);
			name = clean_cutsUITests;
			productName = clean_cutsUITests;
			productReference = 5C936C4129B94F760049E28D /* clean_cutsUITests.xctest */;
			productType = "com.apple.product-type.bundle.ui-testing";
		};
/* End PBXNativeTarget section */

/* Begin PBXProject section */
		5C936C1929B94F720049E28D /* Project object */ = {
			isa = PBXProject;
			attributes = {
				BuildIndependentTargetsInParallel = 1;
				LastSwiftUpdateCheck = 1420;
				LastUpgradeCheck = 1420;
				TargetAttributes = {
					5C936C2029B94F720049E28D = {
						CreatedOnToolsVersion = 14.2;
					};
					5C936C3629B94F760049E28D = {
						CreatedOnToolsVersion = 14.2;
						TestTargetID = 5C936C2029B94F720049E28D;
					};
					5C936C4029B94F760049E28D = {
						CreatedOnToolsVersion = 14.2;
						TestTargetID = 5C936C2029B94F720049E28D;
					};
				};
			};
			buildConfigurationList = 5C936C1C29B94F720049E28D /* Build configuration list for PBXProject "clean_cuts" */;
			compatibilityVersion = "Xcode 14.0";
			developmentRegion = en;
			hasScannedForEncodings = 0;
			knownRegions = (
				en,
				Base,
			);
			mainGroup = 5C936C1829B94F720049E28D;
			packageReferences = (
				55A2C4E029B95507005DCD37 /* XCRemoteSwiftPackageReference "AlamofireImage" */,
				55A2C4E729B95751005DCD37 /* XCRemoteSwiftPackageReference "firebase-ios-sdk" */,
			);
			productRefGroup = 5C936C2229B94F720049E28D /* Products */;
			projectDirPath = "";
			projectRoot = "";
			targets = (
				5C936C2029B94F720049E28D /* clean_cuts */,
				5C936C3629B94F760049E28D /* clean_cutsTests */,
				5C936C4029B94F760049E28D /* clean_cutsUITests */,
			);
		};
/* End PBXProject section */

/* Begin PBXResourcesBuildPhase section */
		5C936C1F29B94F720049E28D /* Resources */ = {
			isa = PBXResourcesBuildPhase;
			buildActionMask = 2147483647;
			files = (
				5C936C3129B94F760049E28D /* LaunchScreen.storyboard in Resources */,
				224C8D6029BA4E660085A760 /* ProfileStoryBoard.storyboard in Resources */,
				5587D8F329C9179400785364 /* Central.storyboard in Resources */,
				5C936C5729CBB7800049E28D /* Post.storyboard in Resources */,
				5C936C2E29B94F760049E28D /* Assets.xcassets in Resources */,
				5C936C2C29B94F720049E28D /* Main.storyboard in Resources */,
				224C8D6229CBB4400085A760 /* GoogleService-Info.plist in Resources */,
			);
			runOnlyForDeploymentPostprocessing = 0;
		};
		5C936C3529B94F760049E28D /* Resources */ = {
			isa = PBXResourcesBuildPhase;
			buildActionMask = 2147483647;
			files = (
			);
			runOnlyForDeploymentPostprocessing = 0;
		};
		5C936C3F29B94F760049E28D /* Resources */ = {
			isa = PBXResourcesBuildPhase;
			buildActionMask = 2147483647;
			files = (
			);
			runOnlyForDeploymentPostprocessing = 0;
		};
/* End PBXResourcesBuildPhase section */

/* Begin PBXSourcesBuildPhase section */
		5C936C1D29B94F720049E28D /* Sources */ = {
			isa = PBXSourcesBuildPhase;
			buildActionMask = 2147483647;
			files = (
				5C936C5929CBBA5D0049E28D /* PostViewController.swift in Sources */,
				5587D8F129C916A900785364 /* LoginViewController.swift in Sources */,
				5C936C2529B94F720049E28D /* AppDelegate.swift in Sources */,
				224C8D5E29B958040085A760 /* ProfileViewController.swift in Sources */,
				5C936C5529B9578E0049E28D /* SignUpViewController.swift in Sources */,
				5C936C2729B94F720049E28D /* SceneDelegate.swift in Sources */,
			);
			runOnlyForDeploymentPostprocessing = 0;
		};
		5C936C3329B94F760049E28D /* Sources */ = {
			isa = PBXSourcesBuildPhase;
			buildActionMask = 2147483647;
			files = (
				5C936C3C29B94F760049E28D /* clean_cutsTests.swift in Sources */,
			);
			runOnlyForDeploymentPostprocessing = 0;
		};
		5C936C3D29B94F760049E28D /* Sources */ = {
			isa = PBXSourcesBuildPhase;
			buildActionMask = 2147483647;
			files = (
				5C936C4629B94F760049E28D /* clean_cutsUITests.swift in Sources */,
				5C936C4829B94F760049E28D /* clean_cutsUITestsLaunchTests.swift in Sources */,
			);
			runOnlyForDeploymentPostprocessing = 0;
		};
/* End PBXSourcesBuildPhase section */

/* Begin PBXTargetDependency section */
		5C936C3929B94F760049E28D /* PBXTargetDependency */ = {
			isa = PBXTargetDependency;
			target = 5C936C2029B94F720049E28D /* clean_cuts */;
			targetProxy = 5C936C3829B94F760049E28D /* PBXContainerItemProxy */;
		};
		5C936C4329B94F760049E28D /* PBXTargetDependency */ = {
			isa = PBXTargetDependency;
			target = 5C936C2029B94F720049E28D /* clean_cuts */;
			targetProxy = 5C936C4229B94F760049E28D /* PBXContainerItemProxy */;
		};
/* End PBXTargetDependency section */

/* Begin PBXVariantGroup section */
		5C936C2A29B94F720049E28D /* Main.storyboard */ = {
			isa = PBXVariantGroup;
			children = (
				5C936C2B29B94F720049E28D /* Base */,
			);
			name = Main.storyboard;
			sourceTree = "<group>";
		};
		5C936C2F29B94F760049E28D /* LaunchScreen.storyboard */ = {
			isa = PBXVariantGroup;
			children = (
				5C936C3029B94F760049E28D /* Base */,
			);
			name = LaunchScreen.storyboard;
			sourceTree = "<group>";
		};
/* End PBXVariantGroup section */

/* Begin XCBuildConfiguration section */
		5C936C4929B94F760049E28D /* Debug */ = {
			isa = XCBuildConfiguration;
			buildSettings = {
				ALWAYS_SEARCH_USER_PATHS = NO;
				CLANG_ANALYZER_NONNULL = YES;
				CLANG_ANALYZER_NUMBER_OBJECT_CONVERSION = YES_AGGRESSIVE;
				CLANG_CXX_LANGUAGE_STANDARD = "gnu++20";
				CLANG_ENABLE_MODULES = YES;
				CLANG_ENABLE_OBJC_ARC = YES;
				CLANG_ENABLE_OBJC_WEAK = YES;
				CLANG_WARN_BLOCK_CAPTURE_AUTORELEASING = YES;
				CLANG_WARN_BOOL_CONVERSION = YES;
				CLANG_WARN_COMMA = YES;
				CLANG_WARN_CONSTANT_CONVERSION = YES;
				CLANG_WARN_DEPRECATED_OBJC_IMPLEMENTATIONS = YES;
				CLANG_WARN_DIRECT_OBJC_ISA_USAGE = YES_ERROR;
				CLANG_WARN_DOCUMENTATION_COMMENTS = YES;
				CLANG_WARN_EMPTY_BODY = YES;
				CLANG_WARN_ENUM_CONVERSION = YES;
				CLANG_WARN_INFINITE_RECURSION = YES;
				CLANG_WARN_INT_CONVERSION = YES;
				CLANG_WARN_NON_LITERAL_NULL_CONVERSION = YES;
				CLANG_WARN_OBJC_IMPLICIT_RETAIN_SELF = YES;
				CLANG_WARN_OBJC_LITERAL_CONVERSION = YES;
				CLANG_WARN_OBJC_ROOT_CLASS = YES_ERROR;
				CLANG_WARN_QUOTED_INCLUDE_IN_FRAMEWORK_HEADER = YES;
				CLANG_WARN_RANGE_LOOP_ANALYSIS = YES;
				CLANG_WARN_STRICT_PROTOTYPES = YES;
				CLANG_WARN_SUSPICIOUS_MOVE = YES;
				CLANG_WARN_UNGUARDED_AVAILABILITY = YES_AGGRESSIVE;
				CLANG_WARN_UNREACHABLE_CODE = YES;
				CLANG_WARN__DUPLICATE_METHOD_MATCH = YES;
				COPY_PHASE_STRIP = NO;
				DEBUG_INFORMATION_FORMAT = dwarf;
				ENABLE_STRICT_OBJC_MSGSEND = YES;
				ENABLE_TESTABILITY = YES;
				GCC_C_LANGUAGE_STANDARD = gnu11;
				GCC_DYNAMIC_NO_PIC = NO;
				GCC_NO_COMMON_BLOCKS = YES;
				GCC_OPTIMIZATION_LEVEL = 0;
				GCC_PREPROCESSOR_DEFINITIONS = (
					"DEBUG=1",
					"$(inherited)",
				);
				GCC_WARN_64_TO_32_BIT_CONVERSION = YES;
				GCC_WARN_ABOUT_RETURN_TYPE = YES_ERROR;
				GCC_WARN_UNDECLARED_SELECTOR = YES;
				GCC_WARN_UNINITIALIZED_AUTOS = YES_AGGRESSIVE;
				GCC_WARN_UNUSED_FUNCTION = YES;
				GCC_WARN_UNUSED_VARIABLE = YES;
				IPHONEOS_DEPLOYMENT_TARGET = 16.2;
				MTL_ENABLE_DEBUG_INFO = INCLUDE_SOURCE;
				MTL_FAST_MATH = YES;
				ONLY_ACTIVE_ARCH = YES;
				SDKROOT = iphoneos;
				SWIFT_ACTIVE_COMPILATION_CONDITIONS = DEBUG;
				SWIFT_OPTIMIZATION_LEVEL = "-Onone";
			};
			name = Debug;
		};
		5C936C4A29B94F760049E28D /* Release */ = {
			isa = XCBuildConfiguration;
			buildSettings = {
				ALWAYS_SEARCH_USER_PATHS = NO;
				CLANG_ANALYZER_NONNULL = YES;
				CLANG_ANALYZER_NUMBER_OBJECT_CONVERSION = YES_AGGRESSIVE;
				CLANG_CXX_LANGUAGE_STANDARD = "gnu++20";
				CLANG_ENABLE_MODULES = YES;
				CLANG_ENABLE_OBJC_ARC = YES;
				CLANG_ENABLE_OBJC_WEAK = YES;
				CLANG_WARN_BLOCK_CAPTURE_AUTORELEASING = YES;
				CLANG_WARN_BOOL_CONVERSION = YES;
				CLANG_WARN_COMMA = YES;
				CLANG_WARN_CONSTANT_CONVERSION = YES;
				CLANG_WARN_DEPRECATED_OBJC_IMPLEMENTATIONS = YES;
				CLANG_WARN_DIRECT_OBJC_ISA_USAGE = YES_ERROR;
				CLANG_WARN_DOCUMENTATION_COMMENTS = YES;
				CLANG_WARN_EMPTY_BODY = YES;
				CLANG_WARN_ENUM_CONVERSION = YES;
				CLANG_WARN_INFINITE_RECURSION = YES;
				CLANG_WARN_INT_CONVERSION = YES;
				CLANG_WARN_NON_LITERAL_NULL_CONVERSION = YES;
				CLANG_WARN_OBJC_IMPLICIT_RETAIN_SELF = YES;
				CLANG_WARN_OBJC_LITERAL_CONVERSION = YES;
				CLANG_WARN_OBJC_ROOT_CLASS = YES_ERROR;
				CLANG_WARN_QUOTED_INCLUDE_IN_FRAMEWORK_HEADER = YES;
				CLANG_WARN_RANGE_LOOP_ANALYSIS = YES;
				CLANG_WARN_STRICT_PROTOTYPES = YES;
				CLANG_WARN_SUSPICIOUS_MOVE = YES;
				CLANG_WARN_UNGUARDED_AVAILABILITY = YES_AGGRESSIVE;
				CLANG_WARN_UNREACHABLE_CODE = YES;
				CLANG_WARN__DUPLICATE_METHOD_MATCH = YES;
				COPY_PHASE_STRIP = NO;
				DEBUG_INFORMATION_FORMAT = "dwarf-with-dsym";
				ENABLE_NS_ASSERTIONS = NO;
				ENABLE_STRICT_OBJC_MSGSEND = YES;
				GCC_C_LANGUAGE_STANDARD = gnu11;
				GCC_NO_COMMON_BLOCKS = YES;
				GCC_WARN_64_TO_32_BIT_CONVERSION = YES;
				GCC_WARN_ABOUT_RETURN_TYPE = YES_ERROR;
				GCC_WARN_UNDECLARED_SELECTOR = YES;
				GCC_WARN_UNINITIALIZED_AUTOS = YES_AGGRESSIVE;
				GCC_WARN_UNUSED_FUNCTION = YES;
				GCC_WARN_UNUSED_VARIABLE = YES;
				IPHONEOS_DEPLOYMENT_TARGET = 16.2;
				MTL_ENABLE_DEBUG_INFO = NO;
				MTL_FAST_MATH = YES;
				SDKROOT = iphoneos;
				SWIFT_COMPILATION_MODE = wholemodule;
				SWIFT_OPTIMIZATION_LEVEL = "-O";
				VALIDATE_PRODUCT = YES;
			};
			name = Release;
		};
		5C936C4C29B94F760049E28D /* Debug */ = {
			isa = XCBuildConfiguration;
			buildSettings = {
				ASSETCATALOG_COMPILER_APPICON_NAME = AppIcon;
				ASSETCATALOG_COMPILER_GLOBAL_ACCENT_COLOR_NAME = AccentColor;
				CODE_SIGN_STYLE = Automatic;
				CURRENT_PROJECT_VERSION = 1;
				GENERATE_INFOPLIST_FILE = YES;
				INFOPLIST_FILE = clean_cuts/Info.plist;
				INFOPLIST_KEY_UIApplicationSupportsIndirectInputEvents = YES;
				INFOPLIST_KEY_UILaunchStoryboardName = LaunchScreen;
				INFOPLIST_KEY_UIMainStoryboardFile = Main;
				INFOPLIST_KEY_UISupportedInterfaceOrientations_iPad = "UIInterfaceOrientationPortrait UIInterfaceOrientationPortraitUpsideDown UIInterfaceOrientationLandscapeLeft UIInterfaceOrientationLandscapeRight";
				INFOPLIST_KEY_UISupportedInterfaceOrientations_iPhone = "UIInterfaceOrientationPortrait UIInterfaceOrientationLandscapeLeft UIInterfaceOrientationLandscapeRight";
				LD_RUNPATH_SEARCH_PATHS = (
					"$(inherited)",
					"@executable_path/Frameworks",
				);
				MARKETING_VERSION = 1.0;
				PRODUCT_BUNDLE_IDENTIFIER = "CS490.clean-cuts";
				PRODUCT_NAME = "$(TARGET_NAME)";
				SWIFT_EMIT_LOC_STRINGS = YES;
				SWIFT_VERSION = 5.0;
				TARGETED_DEVICE_FAMILY = "1,2";
			};
			name = Debug;
		};
		5C936C4D29B94F760049E28D /* Release */ = {
			isa = XCBuildConfiguration;
			buildSettings = {
				ASSETCATALOG_COMPILER_APPICON_NAME = AppIcon;
				ASSETCATALOG_COMPILER_GLOBAL_ACCENT_COLOR_NAME = AccentColor;
				CODE_SIGN_STYLE = Automatic;
				CURRENT_PROJECT_VERSION = 1;
				GENERATE_INFOPLIST_FILE = YES;
				INFOPLIST_FILE = clean_cuts/Info.plist;
				INFOPLIST_KEY_UIApplicationSupportsIndirectInputEvents = YES;
				INFOPLIST_KEY_UILaunchStoryboardName = LaunchScreen;
				INFOPLIST_KEY_UIMainStoryboardFile = Main;
				INFOPLIST_KEY_UISupportedInterfaceOrientations_iPad = "UIInterfaceOrientationPortrait UIInterfaceOrientationPortraitUpsideDown UIInterfaceOrientationLandscapeLeft UIInterfaceOrientationLandscapeRight";
				INFOPLIST_KEY_UISupportedInterfaceOrientations_iPhone = "UIInterfaceOrientationPortrait UIInterfaceOrientationLandscapeLeft UIInterfaceOrientationLandscapeRight";
				LD_RUNPATH_SEARCH_PATHS = (
					"$(inherited)",
					"@executable_path/Frameworks",
				);
				MARKETING_VERSION = 1.0;
				PRODUCT_BUNDLE_IDENTIFIER = "CS490.clean-cuts";
				PRODUCT_NAME = "$(TARGET_NAME)";
				SWIFT_EMIT_LOC_STRINGS = YES;
				SWIFT_VERSION = 5.0;
				TARGETED_DEVICE_FAMILY = "1,2";
			};
			name = Release;
		};
		5C936C4F29B94F760049E28D /* Debug */ = {
			isa = XCBuildConfiguration;
			buildSettings = {
				ALWAYS_EMBED_SWIFT_STANDARD_LIBRARIES = YES;
				BUNDLE_LOADER = "$(TEST_HOST)";
				CODE_SIGN_STYLE = Automatic;
				CURRENT_PROJECT_VERSION = 1;
				GENERATE_INFOPLIST_FILE = YES;
				IPHONEOS_DEPLOYMENT_TARGET = 16.2;
				MARKETING_VERSION = 1.0;
				PRODUCT_BUNDLE_IDENTIFIER = "CS490.clean-cutsTests";
				PRODUCT_NAME = "$(TARGET_NAME)";
				SWIFT_EMIT_LOC_STRINGS = NO;
				SWIFT_VERSION = 5.0;
				TARGETED_DEVICE_FAMILY = "1,2";
				TEST_HOST = "$(BUILT_PRODUCTS_DIR)/clean_cuts.app/$(BUNDLE_EXECUTABLE_FOLDER_PATH)/clean_cuts";
			};
			name = Debug;
		};
		5C936C5029B94F760049E28D /* Release */ = {
			isa = XCBuildConfiguration;
			buildSettings = {
				ALWAYS_EMBED_SWIFT_STANDARD_LIBRARIES = YES;
				BUNDLE_LOADER = "$(TEST_HOST)";
				CODE_SIGN_STYLE = Automatic;
				CURRENT_PROJECT_VERSION = 1;
				GENERATE_INFOPLIST_FILE = YES;
				IPHONEOS_DEPLOYMENT_TARGET = 16.2;
				MARKETING_VERSION = 1.0;
				PRODUCT_BUNDLE_IDENTIFIER = "CS490.clean-cutsTests";
				PRODUCT_NAME = "$(TARGET_NAME)";
				SWIFT_EMIT_LOC_STRINGS = NO;
				SWIFT_VERSION = 5.0;
				TARGETED_DEVICE_FAMILY = "1,2";
				TEST_HOST = "$(BUILT_PRODUCTS_DIR)/clean_cuts.app/$(BUNDLE_EXECUTABLE_FOLDER_PATH)/clean_cuts";
			};
			name = Release;
		};
		5C936C5229B94F760049E28D /* Debug */ = {
			isa = XCBuildConfiguration;
			buildSettings = {
				ALWAYS_EMBED_SWIFT_STANDARD_LIBRARIES = YES;
				CODE_SIGN_STYLE = Automatic;
				CURRENT_PROJECT_VERSION = 1;
				GENERATE_INFOPLIST_FILE = YES;
				MARKETING_VERSION = 1.0;
				PRODUCT_BUNDLE_IDENTIFIER = "CS490.clean-cutsUITests";
				PRODUCT_NAME = "$(TARGET_NAME)";
				SWIFT_EMIT_LOC_STRINGS = NO;
				SWIFT_VERSION = 5.0;
				TARGETED_DEVICE_FAMILY = "1,2";
				TEST_TARGET_NAME = clean_cuts;
			};
			name = Debug;
		};
		5C936C5329B94F760049E28D /* Release */ = {
			isa = XCBuildConfiguration;
			buildSettings = {
				ALWAYS_EMBED_SWIFT_STANDARD_LIBRARIES = YES;
				CODE_SIGN_STYLE = Automatic;
				CURRENT_PROJECT_VERSION = 1;
				GENERATE_INFOPLIST_FILE = YES;
				MARKETING_VERSION = 1.0;
				PRODUCT_BUNDLE_IDENTIFIER = "CS490.clean-cutsUITests";
				PRODUCT_NAME = "$(TARGET_NAME)";
				SWIFT_EMIT_LOC_STRINGS = NO;
				SWIFT_VERSION = 5.0;
				TARGETED_DEVICE_FAMILY = "1,2";
				TEST_TARGET_NAME = clean_cuts;
			};
			name = Release;
		};
/* End XCBuildConfiguration section */

/* Begin XCConfigurationList section */
		5C936C1C29B94F720049E28D /* Build configuration list for PBXProject "clean_cuts" */ = {
			isa = XCConfigurationList;
			buildConfigurations = (
				5C936C4929B94F760049E28D /* Debug */,
				5C936C4A29B94F760049E28D /* Release */,
			);
			defaultConfigurationIsVisible = 0;
			defaultConfigurationName = Release;
		};
		5C936C4B29B94F760049E28D /* Build configuration list for PBXNativeTarget "clean_cuts" */ = {
			isa = XCConfigurationList;
			buildConfigurations = (
				5C936C4C29B94F760049E28D /* Debug */,
				5C936C4D29B94F760049E28D /* Release */,
			);
			defaultConfigurationIsVisible = 0;
			defaultConfigurationName = Release;
		};
		5C936C4E29B94F760049E28D /* Build configuration list for PBXNativeTarget "clean_cutsTests" */ = {
			isa = XCConfigurationList;
			buildConfigurations = (
				5C936C4F29B94F760049E28D /* Debug */,
				5C936C5029B94F760049E28D /* Release */,
			);
			defaultConfigurationIsVisible = 0;
			defaultConfigurationName = Release;
		};
		5C936C5129B94F760049E28D /* Build configuration list for PBXNativeTarget "clean_cutsUITests" */ = {
			isa = XCConfigurationList;
			buildConfigurations = (
				5C936C5229B94F760049E28D /* Debug */,
				5C936C5329B94F760049E28D /* Release */,
			);
			defaultConfigurationIsVisible = 0;
			defaultConfigurationName = Release;
		};
/* End XCConfigurationList section */

/* Begin XCRemoteSwiftPackageReference section */
		55A2C4E029B95507005DCD37 /* XCRemoteSwiftPackageReference "AlamofireImage" */ = {
			isa = XCRemoteSwiftPackageReference;
			repositoryURL = "https://github.com/Alamofire/AlamofireImage.git";
			requirement = {
				kind = upToNextMajorVersion;
				minimumVersion = 4.0.0;
			};
		};
		55A2C4E729B95751005DCD37 /* XCRemoteSwiftPackageReference "firebase-ios-sdk" */ = {
			isa = XCRemoteSwiftPackageReference;
			repositoryURL = "https://github.com/firebase/firebase-ios-sdk";
			requirement = {
				kind = upToNextMajorVersion;
				minimumVersion = 9.0.0;
			};
		};
/* End XCRemoteSwiftPackageReference section */

/* Begin XCSwiftPackageProductDependency section */
		55A2C4E129B95507005DCD37 /* AlamofireImage */ = {
			isa = XCSwiftPackageProductDependency;
			package = 55A2C4E029B95507005DCD37 /* XCRemoteSwiftPackageReference "AlamofireImage" */;
			productName = AlamofireImage;
		};
		55A2C4E829B95751005DCD37 /* FirebaseAnalytics */ = {
			isa = XCSwiftPackageProductDependency;
			package = 55A2C4E729B95751005DCD37 /* XCRemoteSwiftPackageReference "firebase-ios-sdk" */;
			productName = FirebaseAnalytics;
		};
		55A2C4EA29B95751005DCD37 /* FirebaseAuth */ = {
			isa = XCSwiftPackageProductDependency;
			package = 55A2C4E729B95751005DCD37 /* XCRemoteSwiftPackageReference "firebase-ios-sdk" */;
			productName = FirebaseAuth;
		};
		55A2C4EC29B95751005DCD37 /* FirebaseFirestore */ = {
			isa = XCSwiftPackageProductDependency;
			package = 55A2C4E729B95751005DCD37 /* XCRemoteSwiftPackageReference "firebase-ios-sdk" */;
			productName = FirebaseFirestore;
		};
		55A2C4EE29B95751005DCD37 /* FirebaseStorage */ = {
			isa = XCSwiftPackageProductDependency;
			package = 55A2C4E729B95751005DCD37 /* XCRemoteSwiftPackageReference "firebase-ios-sdk" */;
			productName = FirebaseStorage;
		};
/* End XCSwiftPackageProductDependency section */
	};
	rootObject = 5C936C1929B94F720049E28D /* Project object */;
}
